
Microsoft Visual Studio Solution File, Format Version 12.00
# Visual Studio 2012
Project("{F2A71F9B-5D33-465A-A702-920D77279786}") = "compression", "compression\compression.fsproj", "{531333A0-BBC2-45BB-9079-CC7DE13E06CE}"
EndProject
Global
	GlobalSection(SolutionConfigurationPlatforms) = preSolution
		Debug|Any CPU = Debug|Any CPU
		Release|Any CPU = Release|Any CPU
	EndGlobalSection
	GlobalSection(ProjectConfigurationPlatforms) = postSolution
		{531333A0-BBC2-45BB-9079-CC7DE13E06CE}.Debug|Any CPU.ActiveCfg = Debug|Any CPU
		{531333A0-BBC2-45BB-9079-CC7DE13E06CE}.Debug|Any CPU.Build.0 = Debug|Any CPU
		{531333A0-BBC2-45BB-9079-CC7DE13E06CE}.Release|Any CPU.ActiveCfg = Release|Any CPU
		{531333A0-BBC2-45BB-9079-CC7DE13E06CE}.Release|Any CPU.Build.0 = Release|Any CPU
	EndGlobalSection
	GlobalSection(SolutionProperties) = preSolution
		HideSolutionNode = FALSE
	EndGlobalSection
EndGlobal
