
Microsoft Visual Studio Solution File, Format Version 12.00
# Visual Studio 2012
Project("{8BC9CEB8-8B4A-11D0-8D11-00A0C91BC942}") = "11.10.13.stack", "11.10.13.stack\11.10.13.stack.vcxproj", "{E2F3B667-B75F-4770-96E7-71833CE3BF7B}"
EndProject
Global
	GlobalSection(SolutionConfigurationPlatforms) = preSolution
		Debug|Win32 = Debug|Win32
		Release|Win32 = Release|Win32
	EndGlobalSection
	GlobalSection(ProjectConfigurationPlatforms) = postSolution
		{E2F3B667-B75F-4770-96E7-71833CE3BF7B}.Debug|Win32.ActiveCfg = Debug|Win32
		{E2F3B667-B75F-4770-96E7-71833CE3BF7B}.Debug|Win32.Build.0 = Debug|Win32
		{E2F3B667-B75F-4770-96E7-71833CE3BF7B}.Release|Win32.ActiveCfg = Release|Win32
		{E2F3B667-B75F-4770-96E7-71833CE3BF7B}.Release|Win32.Build.0 = Release|Win32
	EndGlobalSection
	GlobalSection(SolutionProperties) = preSolution
		HideSolutionNode = FALSE
	EndGlobalSection
EndGlobal
