
Microsoft Visual Studio Solution File, Format Version 12.00
# Visual Studio 2012
Project("{8BC9CEB8-8B4A-11D0-8D11-00A0C91BC942}") = "ConsoleGif", "ConsoleGif\ConsoleGif.vcxproj", "{564AA5DB-1715-4077-AEE8-EF9BFA32EE0A}"
EndProject
Global
	GlobalSection(SolutionConfigurationPlatforms) = preSolution
		Debug|Win32 = Debug|Win32
		Release|Win32 = Release|Win32
	EndGlobalSection
	GlobalSection(ProjectConfigurationPlatforms) = postSolution
		{564AA5DB-1715-4077-AEE8-EF9BFA32EE0A}.Debug|Win32.ActiveCfg = Debug|Win32
		{564AA5DB-1715-4077-AEE8-EF9BFA32EE0A}.Debug|Win32.Build.0 = Debug|Win32
		{564AA5DB-1715-4077-AEE8-EF9BFA32EE0A}.Release|Win32.ActiveCfg = Release|Win32
		{564AA5DB-1715-4077-AEE8-EF9BFA32EE0A}.Release|Win32.Build.0 = Release|Win32
	EndGlobalSection
	GlobalSection(SolutionProperties) = preSolution
		HideSolutionNode = FALSE
	EndGlobalSection
EndGlobal
