
Microsoft Visual Studio Solution File, Format Version 12.00
# Visual Studio 2012
Project("{8BC9CEB8-8B4A-11D0-8D11-00A0C91BC942}") = "GameLife", "GameLife\GameLife.vcxproj", "{FBE13EF0-2A43-498B-8F2C-892DEC6C1665}"
EndProject
Global
	GlobalSection(SolutionConfigurationPlatforms) = preSolution
		Debug|Win32 = Debug|Win32
		Release|Win32 = Release|Win32
	EndGlobalSection
	GlobalSection(ProjectConfigurationPlatforms) = postSolution
		{FBE13EF0-2A43-498B-8F2C-892DEC6C1665}.Debug|Win32.ActiveCfg = Debug|Win32
		{FBE13EF0-2A43-498B-8F2C-892DEC6C1665}.Debug|Win32.Build.0 = Debug|Win32
		{FBE13EF0-2A43-498B-8F2C-892DEC6C1665}.Release|Win32.ActiveCfg = Release|Win32
		{FBE13EF0-2A43-498B-8F2C-892DEC6C1665}.Release|Win32.Build.0 = Release|Win32
	EndGlobalSection
	GlobalSection(SolutionProperties) = preSolution
		HideSolutionNode = FALSE
	EndGlobalSection
EndGlobal
